
Microsoft Visual Studio Solution File, Format Version 11.00
# Visual Studio 2010
Project("{8BC9CEB8-8B4A-11D0-8D11-00A0C91BC942}") = "Problem_2", "Problem_2\Problem_2.vcxproj", "{31823715-FB4C-413E-9F93-8143F73A3FEF}"
EndProject
Project("{8BC9CEB8-8B4A-11D0-8D11-00A0C91BC942}") = "Problem_1", "Problem_1\Problem_1.vcxproj", "{6B92A2B7-762B-4FB6-8D98-5FF7228ABEF2}"
EndProject
Project("{8BC9CEB8-8B4A-11D0-8D11-00A0C91BC942}") = "Problem_3", "Problem_3\Problem_3.vcxproj", "{E08F142D-6A28-4E96-94E7-87A2B1869DEB}"
EndProject
Project("{8BC9CEB8-8B4A-11D0-8D11-00A0C91BC942}") = "Problem_4", "Problem_4\Problem_4.vcxproj", "{FCF757DD-4EA0-446C-8060-40EF13F7AB46}"
EndProject
Project("{8BC9CEB8-8B4A-11D0-8D11-00A0C91BC942}") = "Problem_5", "Problem_5\Problem_5.vcxproj", "{0AC2B6F4-DDAA-418D-9C3D-0239110BDD11}"
EndProject
Project("{8BC9CEB8-8B4A-11D0-8D11-00A0C91BC942}") = "Problem_6", "Problem_6\Problem_6.vcxproj", "{501D73F6-1259-4928-8C14-8FEC235F13D3}"
EndProject
Project("{8BC9CEB8-8B4A-11D0-8D11-00A0C91BC942}") = "Problem_10", "Problem_10\Problem_10.vcxproj", "{08C98E98-725D-4A7C-86A8-E46BC7A38534}"
EndProject
Project("{8BC9CEB8-8B4A-11D0-8D11-00A0C91BC942}") = "Problem_11", "Problem_11\Problem_11.vcxproj", "{8D4DAF8A-63FA-4357-8685-BA832DB23C38}"
EndProject
Project("{8BC9CEB8-8B4A-11D0-8D11-00A0C91BC942}") = "Problem_12", "Problem_12\Problem_12.vcxproj", "{1131DF7B-90C1-4462-A14D-B7922387C554}"
EndProject
Project("{8BC9CEB8-8B4A-11D0-8D11-00A0C91BC942}") = "Problem_13", "Problem_13\Problem_13.vcxproj", "{AFC1427C-B504-463C-A44F-1393D0C9F8DD}"
EndProject
Project("{8BC9CEB8-8B4A-11D0-8D11-00A0C91BC942}") = "Problem_17", "Problem_17\Problem_17.vcxproj", "{2F0B3E40-70C5-4122-9AE8-606556B5684B}"
EndProject
Project("{8BC9CEB8-8B4A-11D0-8D11-00A0C91BC942}") = "Problem_18", "Problem_18\Problem_18.vcxproj", "{0340D9CD-A5D5-49F0-9555-BF659A1C0DB1}"
EndProject
Project("{8BC9CEB8-8B4A-11D0-8D11-00A0C91BC942}") = "Problem_20", "Problem_20\Problem_20.vcxproj", "{3E375DBA-91F2-465F-A5F9-06D4AC5B289A}"
EndProject
Project("{8BC9CEB8-8B4A-11D0-8D11-00A0C91BC942}") = "Problem_47", "Problem_47\Problem_47.vcxproj", "{659D0814-68F9-49AD-A046-7B5A83ABE998}"
EndProject
Project("{8BC9CEB8-8B4A-11D0-8D11-00A0C91BC942}") = "Problem_48", "Problem_48\Problem_48.vcxproj", "{31A0CC25-222E-4D58-9708-E77B3FB8C8AC}"
EndProject
Project("{8BC9CEB8-8B4A-11D0-8D11-00A0C91BC942}") = "Problem_7", "Problem_7\Problem_7.vcxproj", "{F87FCFE7-D755-4C4F-9DD2-A86EFC8BCE9D}"
EndProject
Project("{8BC9CEB8-8B4A-11D0-8D11-00A0C91BC942}") = "Problem_14", "Problem_14\Problem_14.vcxproj", "{A1E957A4-30C7-425F-B780-2EDE358B120C}"
EndProject
Project("{8BC9CEB8-8B4A-11D0-8D11-00A0C91BC942}") = "Problem_39", "Problem_39\Problem_39.vcxproj", "{D637BA2A-E111-477D-9960-3F7513807BB1}"
EndProject
Project("{8BC9CEB8-8B4A-11D0-8D11-00A0C91BC942}") = "Problem_43", "Problem_43\Problem_43.vcxproj", "{895CC4D3-916C-430B-AEE2-FFDE1F0D7B7B}"
EndProject
Project("{8BC9CEB8-8B4A-11D0-8D11-00A0C91BC942}") = "Problem_50", "Problem_50\Problem_50.vcxproj", "{1D443CB1-B5D2-485B-8C24-AECB184E6BE0}"
EndProject
Project("{8BC9CEB8-8B4A-11D0-8D11-00A0C91BC942}") = "Problem_49", "Problem_49\Problem_49.vcxproj", "{EF0CF892-0FA2-4093-8360-12F28EBBEFED}"
EndProject
Project("{8BC9CEB8-8B4A-11D0-8D11-00A0C91BC942}") = "Problem_51", "Problem_51\Problem_51.vcxproj", "{E389E943-B35E-43AE-A401-6E5B5DE858F5}"
EndProject
Project("{8BC9CEB8-8B4A-11D0-8D11-00A0C91BC942}") = "Problem_52", "Problem_52\Problem_52.vcxproj", "{9FA056D4-9BC1-4207-BDFE-FB8840A0F656}"
EndProject
Project("{8BC9CEB8-8B4A-11D0-8D11-00A0C91BC942}") = "Problem_19", "Problem_19\Problem_19.vcxproj", "{F7E15E72-5DD8-49EB-B598-12CADDDCB270}"
EndProject
Project("{8BC9CEB8-8B4A-11D0-8D11-00A0C91BC942}") = "Problem_96", "Problem_96\Problem_96.vcxproj", "{6D1E70E2-972E-4E7F-8CDD-905C74528099}"
EndProject
Project("{8BC9CEB8-8B4A-11D0-8D11-00A0C91BC942}") = "Problem_8", "Problem_8\Problem_8.vcxproj", "{E0AC5E7D-F55B-44F9-8CB1-A3F89739DFCC}"
EndProject
Project("{8BC9CEB8-8B4A-11D0-8D11-00A0C91BC942}") = "Problem_9", "Problem_9\Problem_9.vcxproj", "{CCD60E66-D5C4-4002-A4B0-486A135F20E3}"
EndProject
Project("{8BC9CEB8-8B4A-11D0-8D11-00A0C91BC942}") = "Problem_26", "Problem_26\Problem_26.vcxproj", "{D7ED907F-0CDD-4F48-934F-EB38B055F437}"
EndProject
Project("{8BC9CEB8-8B4A-11D0-8D11-00A0C91BC942}") = "Problem_60", "Problem_60\Problem_60.vcxproj", "{6FE9A369-AD43-4B7E-830A-CF7FD8D70234}"
EndProject
Project("{8BC9CEB8-8B4A-11D0-8D11-00A0C91BC942}") = "Problem_30", "Problem_30\Problem_30.vcxproj", "{C15D83EB-4CE9-4EAA-8878-FAF049EDF95E}"
EndProject
Global
	GlobalSection(SolutionConfigurationPlatforms) = preSolution
		Debug|Win32 = Debug|Win32
		Release|Win32 = Release|Win32
	EndGlobalSection
	GlobalSection(ProjectConfigurationPlatforms) = postSolution
		{31823715-FB4C-413E-9F93-8143F73A3FEF}.Debug|Win32.ActiveCfg = Debug|Win32
		{31823715-FB4C-413E-9F93-8143F73A3FEF}.Debug|Win32.Build.0 = Debug|Win32
		{31823715-FB4C-413E-9F93-8143F73A3FEF}.Release|Win32.ActiveCfg = Release|Win32
		{31823715-FB4C-413E-9F93-8143F73A3FEF}.Release|Win32.Build.0 = Release|Win32
		{6B92A2B7-762B-4FB6-8D98-5FF7228ABEF2}.Debug|Win32.ActiveCfg = Debug|Win32
		{6B92A2B7-762B-4FB6-8D98-5FF7228ABEF2}.Debug|Win32.Build.0 = Debug|Win32
		{6B92A2B7-762B-4FB6-8D98-5FF7228ABEF2}.Release|Win32.ActiveCfg = Release|Win32
		{6B92A2B7-762B-4FB6-8D98-5FF7228ABEF2}.Release|Win32.Build.0 = Release|Win32
		{E08F142D-6A28-4E96-94E7-87A2B1869DEB}.Debug|Win32.ActiveCfg = Debug|Win32
		{E08F142D-6A28-4E96-94E7-87A2B1869DEB}.Debug|Win32.Build.0 = Debug|Win32
		{E08F142D-6A28-4E96-94E7-87A2B1869DEB}.Release|Win32.ActiveCfg = Release|Win32
		{E08F142D-6A28-4E96-94E7-87A2B1869DEB}.Release|Win32.Build.0 = Release|Win32
		{FCF757DD-4EA0-446C-8060-40EF13F7AB46}.Debug|Win32.ActiveCfg = Debug|Win32
		{FCF757DD-4EA0-446C-8060-40EF13F7AB46}.Debug|Win32.Build.0 = Debug|Win32
		{FCF757DD-4EA0-446C-8060-40EF13F7AB46}.Release|Win32.ActiveCfg = Release|Win32
		{FCF757DD-4EA0-446C-8060-40EF13F7AB46}.Release|Win32.Build.0 = Release|Win32
		{0AC2B6F4-DDAA-418D-9C3D-0239110BDD11}.Debug|Win32.ActiveCfg = Debug|Win32
		{0AC2B6F4-DDAA-418D-9C3D-0239110BDD11}.Debug|Win32.Build.0 = Debug|Win32
		{0AC2B6F4-DDAA-418D-9C3D-0239110BDD11}.Release|Win32.ActiveCfg = Release|Win32
		{0AC2B6F4-DDAA-418D-9C3D-0239110BDD11}.Release|Win32.Build.0 = Release|Win32
		{501D73F6-1259-4928-8C14-8FEC235F13D3}.Debug|Win32.ActiveCfg = Debug|Win32
		{501D73F6-1259-4928-8C14-8FEC235F13D3}.Debug|Win32.Build.0 = Debug|Win32
		{501D73F6-1259-4928-8C14-8FEC235F13D3}.Release|Win32.ActiveCfg = Release|Win32
		{501D73F6-1259-4928-8C14-8FEC235F13D3}.Release|Win32.Build.0 = Release|Win32
		{08C98E98-725D-4A7C-86A8-E46BC7A38534}.Debug|Win32.ActiveCfg = Debug|Win32
		{08C98E98-725D-4A7C-86A8-E46BC7A38534}.Debug|Win32.Build.0 = Debug|Win32
		{08C98E98-725D-4A7C-86A8-E46BC7A38534}.Release|Win32.ActiveCfg = Release|Win32
		{08C98E98-725D-4A7C-86A8-E46BC7A38534}.Release|Win32.Build.0 = Release|Win32
		{8D4DAF8A-63FA-4357-8685-BA832DB23C38}.Debug|Win32.ActiveCfg = Debug|Win32
		{8D4DAF8A-63FA-4357-8685-BA832DB23C38}.Debug|Win32.Build.0 = Debug|Win32
		{8D4DAF8A-63FA-4357-8685-BA832DB23C38}.Release|Win32.ActiveCfg = Release|Win32
		{8D4DAF8A-63FA-4357-8685-BA832DB23C38}.Release|Win32.Build.0 = Release|Win32
		{1131DF7B-90C1-4462-A14D-B7922387C554}.Debug|Win32.ActiveCfg = Debug|Win32
		{1131DF7B-90C1-4462-A14D-B7922387C554}.Debug|Win32.Build.0 = Debug|Win32
		{1131DF7B-90C1-4462-A14D-B7922387C554}.Release|Win32.ActiveCfg = Release|Win32
		{1131DF7B-90C1-4462-A14D-B7922387C554}.Release|Win32.Build.0 = Release|Win32
		{AFC1427C-B504-463C-A44F-1393D0C9F8DD}.Debug|Win32.ActiveCfg = Debug|Win32
		{AFC1427C-B504-463C-A44F-1393D0C9F8DD}.Debug|Win32.Build.0 = Debug|Win32
		{AFC1427C-B504-463C-A44F-1393D0C9F8DD}.Release|Win32.ActiveCfg = Release|Win32
		{AFC1427C-B504-463C-A44F-1393D0C9F8DD}.Release|Win32.Build.0 = Release|Win32
		{2F0B3E40-70C5-4122-9AE8-606556B5684B}.Debug|Win32.ActiveCfg = Debug|Win32
		{2F0B3E40-70C5-4122-9AE8-606556B5684B}.Debug|Win32.Build.0 = Debug|Win32
		{2F0B3E40-70C5-4122-9AE8-606556B5684B}.Release|Win32.ActiveCfg = Release|Win32
		{2F0B3E40-70C5-4122-9AE8-606556B5684B}.Release|Win32.Build.0 = Release|Win32
		{0340D9CD-A5D5-49F0-9555-BF659A1C0DB1}.Debug|Win32.ActiveCfg = Debug|Win32
		{0340D9CD-A5D5-49F0-9555-BF659A1C0DB1}.Debug|Win32.Build.0 = Debug|Win32
		{0340D9CD-A5D5-49F0-9555-BF659A1C0DB1}.Release|Win32.ActiveCfg = Release|Win32
		{0340D9CD-A5D5-49F0-9555-BF659A1C0DB1}.Release|Win32.Build.0 = Release|Win32
		{3E375DBA-91F2-465F-A5F9-06D4AC5B289A}.Debug|Win32.ActiveCfg = Debug|Win32
		{3E375DBA-91F2-465F-A5F9-06D4AC5B289A}.Debug|Win32.Build.0 = Debug|Win32
		{3E375DBA-91F2-465F-A5F9-06D4AC5B289A}.Release|Win32.ActiveCfg = Release|Win32
		{3E375DBA-91F2-465F-A5F9-06D4AC5B289A}.Release|Win32.Build.0 = Release|Win32
		{659D0814-68F9-49AD-A046-7B5A83ABE998}.Debug|Win32.ActiveCfg = Debug|Win32
		{659D0814-68F9-49AD-A046-7B5A83ABE998}.Debug|Win32.Build.0 = Debug|Win32
		{659D0814-68F9-49AD-A046-7B5A83ABE998}.Release|Win32.ActiveCfg = Release|Win32
		{659D0814-68F9-49AD-A046-7B5A83ABE998}.Release|Win32.Build.0 = Release|Win32
		{31A0CC25-222E-4D58-9708-E77B3FB8C8AC}.Debug|Win32.ActiveCfg = Debug|Win32
		{31A0CC25-222E-4D58-9708-E77B3FB8C8AC}.Debug|Win32.Build.0 = Debug|Win32
		{31A0CC25-222E-4D58-9708-E77B3FB8C8AC}.Release|Win32.ActiveCfg = Release|Win32
		{31A0CC25-222E-4D58-9708-E77B3FB8C8AC}.Release|Win32.Build.0 = Release|Win32
		{F87FCFE7-D755-4C4F-9DD2-A86EFC8BCE9D}.Debug|Win32.ActiveCfg = Debug|Win32
		{F87FCFE7-D755-4C4F-9DD2-A86EFC8BCE9D}.Debug|Win32.Build.0 = Debug|Win32
		{F87FCFE7-D755-4C4F-9DD2-A86EFC8BCE9D}.Release|Win32.ActiveCfg = Release|Win32
		{F87FCFE7-D755-4C4F-9DD2-A86EFC8BCE9D}.Release|Win32.Build.0 = Release|Win32
		{A1E957A4-30C7-425F-B780-2EDE358B120C}.Debug|Win32.ActiveCfg = Debug|Win32
		{A1E957A4-30C7-425F-B780-2EDE358B120C}.Debug|Win32.Build.0 = Debug|Win32
		{A1E957A4-30C7-425F-B780-2EDE358B120C}.Release|Win32.ActiveCfg = Release|Win32
		{A1E957A4-30C7-425F-B780-2EDE358B120C}.Release|Win32.Build.0 = Release|Win32
		{D637BA2A-E111-477D-9960-3F7513807BB1}.Debug|Win32.ActiveCfg = Debug|Win32
		{D637BA2A-E111-477D-9960-3F7513807BB1}.Debug|Win32.Build.0 = Debug|Win32
		{D637BA2A-E111-477D-9960-3F7513807BB1}.Release|Win32.ActiveCfg = Release|Win32
		{D637BA2A-E111-477D-9960-3F7513807BB1}.Release|Win32.Build.0 = Release|Win32
		{895CC4D3-916C-430B-AEE2-FFDE1F0D7B7B}.Debug|Win32.ActiveCfg = Debug|Win32
		{895CC4D3-916C-430B-AEE2-FFDE1F0D7B7B}.Debug|Win32.Build.0 = Debug|Win32
		{895CC4D3-916C-430B-AEE2-FFDE1F0D7B7B}.Release|Win32.ActiveCfg = Release|Win32
		{895CC4D3-916C-430B-AEE2-FFDE1F0D7B7B}.Release|Win32.Build.0 = Release|Win32
		{1D443CB1-B5D2-485B-8C24-AECB184E6BE0}.Debug|Win32.ActiveCfg = Debug|Win32
		{1D443CB1-B5D2-485B-8C24-AECB184E6BE0}.Debug|Win32.Build.0 = Debug|Win32
		{1D443CB1-B5D2-485B-8C24-AECB184E6BE0}.Release|Win32.ActiveCfg = Release|Win32
		{1D443CB1-B5D2-485B-8C24-AECB184E6BE0}.Release|Win32.Build.0 = Release|Win32
		{EF0CF892-0FA2-4093-8360-12F28EBBEFED}.Debug|Win32.ActiveCfg = Debug|Win32
		{EF0CF892-0FA2-4093-8360-12F28EBBEFED}.Debug|Win32.Build.0 = Debug|Win32
		{EF0CF892-0FA2-4093-8360-12F28EBBEFED}.Release|Win32.ActiveCfg = Release|Win32
		{EF0CF892-0FA2-4093-8360-12F28EBBEFED}.Release|Win32.Build.0 = Release|Win32
		{E389E943-B35E-43AE-A401-6E5B5DE858F5}.Debug|Win32.ActiveCfg = Debug|Win32
		{E389E943-B35E-43AE-A401-6E5B5DE858F5}.Debug|Win32.Build.0 = Debug|Win32
		{E389E943-B35E-43AE-A401-6E5B5DE858F5}.Release|Win32.ActiveCfg = Release|Win32
		{E389E943-B35E-43AE-A401-6E5B5DE858F5}.Release|Win32.Build.0 = Release|Win32
		{9FA056D4-9BC1-4207-BDFE-FB8840A0F656}.Debug|Win32.ActiveCfg = Debug|Win32
		{9FA056D4-9BC1-4207-BDFE-FB8840A0F656}.Debug|Win32.Build.0 = Debug|Win32
		{9FA056D4-9BC1-4207-BDFE-FB8840A0F656}.Release|Win32.ActiveCfg = Release|Win32
		{9FA056D4-9BC1-4207-BDFE-FB8840A0F656}.Release|Win32.Build.0 = Release|Win32
		{F7E15E72-5DD8-49EB-B598-12CADDDCB270}.Debug|Win32.ActiveCfg = Debug|Win32
		{F7E15E72-5DD8-49EB-B598-12CADDDCB270}.Debug|Win32.Build.0 = Debug|Win32
		{F7E15E72-5DD8-49EB-B598-12CADDDCB270}.Release|Win32.ActiveCfg = Release|Win32
		{F7E15E72-5DD8-49EB-B598-12CADDDCB270}.Release|Win32.Build.0 = Release|Win32
		{6D1E70E2-972E-4E7F-8CDD-905C74528099}.Debug|Win32.ActiveCfg = Debug|Win32
		{6D1E70E2-972E-4E7F-8CDD-905C74528099}.Debug|Win32.Build.0 = Debug|Win32
		{6D1E70E2-972E-4E7F-8CDD-905C74528099}.Release|Win32.ActiveCfg = Release|Win32
		{6D1E70E2-972E-4E7F-8CDD-905C74528099}.Release|Win32.Build.0 = Release|Win32
		{E0AC5E7D-F55B-44F9-8CB1-A3F89739DFCC}.Debug|Win32.ActiveCfg = Debug|Win32
		{E0AC5E7D-F55B-44F9-8CB1-A3F89739DFCC}.Debug|Win32.Build.0 = Debug|Win32
		{E0AC5E7D-F55B-44F9-8CB1-A3F89739DFCC}.Release|Win32.ActiveCfg = Release|Win32
		{E0AC5E7D-F55B-44F9-8CB1-A3F89739DFCC}.Release|Win32.Build.0 = Release|Win32
		{CCD60E66-D5C4-4002-A4B0-486A135F20E3}.Debug|Win32.ActiveCfg = Debug|Win32
		{CCD60E66-D5C4-4002-A4B0-486A135F20E3}.Debug|Win32.Build.0 = Debug|Win32
		{CCD60E66-D5C4-4002-A4B0-486A135F20E3}.Release|Win32.ActiveCfg = Release|Win32
		{CCD60E66-D5C4-4002-A4B0-486A135F20E3}.Release|Win32.Build.0 = Release|Win32
		{D7ED907F-0CDD-4F48-934F-EB38B055F437}.Debug|Win32.ActiveCfg = Debug|Win32
		{D7ED907F-0CDD-4F48-934F-EB38B055F437}.Debug|Win32.Build.0 = Debug|Win32
		{D7ED907F-0CDD-4F48-934F-EB38B055F437}.Release|Win32.ActiveCfg = Release|Win32
		{D7ED907F-0CDD-4F48-934F-EB38B055F437}.Release|Win32.Build.0 = Release|Win32
		{6FE9A369-AD43-4B7E-830A-CF7FD8D70234}.Debug|Win32.ActiveCfg = Debug|Win32
		{6FE9A369-AD43-4B7E-830A-CF7FD8D70234}.Debug|Win32.Build.0 = Debug|Win32
		{6FE9A369-AD43-4B7E-830A-CF7FD8D70234}.Release|Win32.ActiveCfg = Release|Win32
		{6FE9A369-AD43-4B7E-830A-CF7FD8D70234}.Release|Win32.Build.0 = Release|Win32
		{C15D83EB-4CE9-4EAA-8878-FAF049EDF95E}.Debug|Win32.ActiveCfg = Debug|Win32
		{C15D83EB-4CE9-4EAA-8878-FAF049EDF95E}.Debug|Win32.Build.0 = Debug|Win32
		{C15D83EB-4CE9-4EAA-8878-FAF049EDF95E}.Release|Win32.ActiveCfg = Release|Win32
		{C15D83EB-4CE9-4EAA-8878-FAF049EDF95E}.Release|Win32.Build.0 = Release|Win32
	EndGlobalSection
	GlobalSection(SolutionProperties) = preSolution
		HideSolutionNode = FALSE
	EndGlobalSection
EndGlobal
